
Microsoft Visual Studio Solution File, Format Version 12.00
# Visual Studio Version 16
VisualStudioVersion = 16.0.33529.622
MinimumVisualStudioVersion = 10.0.40219.1
Project("{FAE04EC0-301F-11D3-BF4B-00C04F79EFBC}") = "TeacherComputerRetrieval-NewGlobe", "TeacherComputerRetrieval-NewGlobe.csproj", "{C15D4530-F272-4350-B62C-3B75A56BEB95}"
EndProject
Global
	GlobalSection(SolutionConfigurationPlatforms) = preSolution
		Debug|Any CPU = Debug|Any CPU
		Release|Any CPU = Release|Any CPU
	EndGlobalSection
	GlobalSection(ProjectConfigurationPlatforms) = postSolution
		{C15D4530-F272-4350-B62C-3B75A56BEB95}.Debug|Any CPU.ActiveCfg = Debug|Any CPU
		{C15D4530-F272-4350-B62C-3B75A56BEB95}.Debug|Any CPU.Build.0 = Debug|Any CPU
		{C15D4530-F272-4350-B62C-3B75A56BEB95}.Release|Any CPU.ActiveCfg = Release|Any CPU
		{C15D4530-F272-4350-B62C-3B75A56BEB95}.Release|Any CPU.Build.0 = Release|Any CPU
	EndGlobalSection
	GlobalSection(SolutionProperties) = preSolution
		HideSolutionNode = FALSE
	EndGlobalSection
	GlobalSection(ExtensibilityGlobals) = postSolution
		SolutionGuid = {F51ECAE2-6D85-4480-9804-A735A212AD6D}
	EndGlobalSection
EndGlobal
